
Microsoft Visual Studio Solution File, Format Version 11.00
# Visual Studio 2010
Project("{FAE04EC0-301F-11D3-BF4B-00C04F79EFBC}") = "ex7", "ex7\ex7.csproj", "{D7102686-D341-4B07-A626-BCA3FF827DDF}"
EndProject
Global
	GlobalSection(SolutionConfigurationPlatforms) = preSolution
		Debug|x86 = Debug|x86
		Release|x86 = Release|x86
	EndGlobalSection
	GlobalSection(ProjectConfigurationPlatforms) = postSolution
		{D7102686-D341-4B07-A626-BCA3FF827DDF}.Debug|x86.ActiveCfg = Debug|x86
		{D7102686-D341-4B07-A626-BCA3FF827DDF}.Debug|x86.Build.0 = Debug|x86
		{D7102686-D341-4B07-A626-BCA3FF827DDF}.Release|x86.ActiveCfg = Release|x86
		{D7102686-D341-4B07-A626-BCA3FF827DDF}.Release|x86.Build.0 = Release|x86
	EndGlobalSection
	GlobalSection(MonoDevelopProperties) = preSolution
		StartupItem = ex7\ex7.csproj
	EndGlobalSection
EndGlobal
